
Microsoft Visual Studio Solution File, Format Version 12.00
# Visual Studio 2013
VisualStudioVersion = 12.0.21005.1
MinimumVisualStudioVersion = 10.0.40219.1
Project("{FAE04EC0-301F-11D3-BF4B-00C04F79EFBC}") = "Quiron.LojaVirtual.Dominio", "Quiron.LojaVirtual.Dominio\Quiron.LojaVirtual.Dominio.csproj", "{8C43B6EC-09F9-4580-94AC-B65EC975B21A}"
EndProject
Project("{FAE04EC0-301F-11D3-BF4B-00C04F79EFBC}") = "Quiron.LojaVirtual.Web", "Quiron.LojaVirtual.Web\Quiron.LojaVirtual.Web.csproj", "{2C57C1E9-ADA3-49D6-8BB2-F4F070A2666C}"
EndProject
Project("{FAE04EC0-301F-11D3-BF4B-00C04F79EFBC}") = "Quiron.LojaVirtual.UnitTest", "Quiron.LojaVirtual.UnitTest\Quiron.LojaVirtual.UnitTest.csproj", "{2DD1E3D1-05FA-4636-A19E-36E50CE04175}"
EndProject
Global
	GlobalSection(SolutionConfigurationPlatforms) = preSolution
		Debug|Any CPU = Debug|Any CPU
		Release|Any CPU = Release|Any CPU
	EndGlobalSection
	GlobalSection(ProjectConfigurationPlatforms) = postSolution
		{8C43B6EC-09F9-4580-94AC-B65EC975B21A}.Debug|Any CPU.ActiveCfg = Debug|Any CPU
		{8C43B6EC-09F9-4580-94AC-B65EC975B21A}.Debug|Any CPU.Build.0 = Debug|Any CPU
		{8C43B6EC-09F9-4580-94AC-B65EC975B21A}.Release|Any CPU.ActiveCfg = Release|Any CPU
		{8C43B6EC-09F9-4580-94AC-B65EC975B21A}.Release|Any CPU.Build.0 = Release|Any CPU
		{2C57C1E9-ADA3-49D6-8BB2-F4F070A2666C}.Debug|Any CPU.ActiveCfg = Debug|Any CPU
		{2C57C1E9-ADA3-49D6-8BB2-F4F070A2666C}.Debug|Any CPU.Build.0 = Debug|Any CPU
		{2C57C1E9-ADA3-49D6-8BB2-F4F070A2666C}.Release|Any CPU.ActiveCfg = Release|Any CPU
		{2C57C1E9-ADA3-49D6-8BB2-F4F070A2666C}.Release|Any CPU.Build.0 = Release|Any CPU
		{2DD1E3D1-05FA-4636-A19E-36E50CE04175}.Debug|Any CPU.ActiveCfg = Debug|Any CPU
		{2DD1E3D1-05FA-4636-A19E-36E50CE04175}.Debug|Any CPU.Build.0 = Debug|Any CPU
		{2DD1E3D1-05FA-4636-A19E-36E50CE04175}.Release|Any CPU.ActiveCfg = Release|Any CPU
		{2DD1E3D1-05FA-4636-A19E-36E50CE04175}.Release|Any CPU.Build.0 = Release|Any CPU
	EndGlobalSection
	GlobalSection(SolutionProperties) = preSolution
		HideSolutionNode = FALSE
	EndGlobalSection
EndGlobal
